
Microsoft Visual Studio Solution File, Format Version 12.00
# Visual Studio Version 17
VisualStudioVersion = 17.4.33213.308
MinimumVisualStudioVersion = 10.0.40219.1
Project("{FAE04EC0-301F-11D3-BF4B-00C04F79EFBC}") = "LeetCode", "LeetCode\LeetCode.csproj", "{642E0191-EBB9-4DE0-A81E-54879795547C}"
EndProject
Global
	GlobalSection(SolutionConfigurationPlatforms) = preSolution
		Debug|Any CPU = Debug|Any CPU
		Release|Any CPU = Release|Any CPU
	EndGlobalSection
	GlobalSection(ProjectConfigurationPlatforms) = postSolution
		{642E0191-EBB9-4DE0-A81E-54879795547C}.Debug|Any CPU.ActiveCfg = Debug|Any CPU
		{642E0191-EBB9-4DE0-A81E-54879795547C}.Debug|Any CPU.Build.0 = Debug|Any CPU
		{642E0191-EBB9-4DE0-A81E-54879795547C}.Release|Any CPU.ActiveCfg = Release|Any CPU
		{642E0191-EBB9-4DE0-A81E-54879795547C}.Release|Any CPU.Build.0 = Release|Any CPU
	EndGlobalSection
	GlobalSection(SolutionProperties) = preSolution
		HideSolutionNode = FALSE
	EndGlobalSection
	GlobalSection(ExtensibilityGlobals) = postSolution
		SolutionGuid = {05E42DA7-7FF0-417B-8079-E1A470C3F67D}
	EndGlobalSection
EndGlobal
